<?xml version="1.0" encoding="utf-8"?>
<Project ToolsVersion="16.0" xmlns="http://schemas.microsoft.com/developer/msbuild/2003">
  <ItemGroup>
    <ClCompile Include="E:\LearnVulkan\Vulkan\external\imgui\imgui.cpp">
      <Filter>Source Files</Filter>
    </ClCompile>
    <ClCompile Include="E:\LearnVulkan\Vulkan\external\imgui\imgui_demo.cpp">
      <Filter>Source Files</Filter>
    </ClCompile>
    <ClCompile Include="E:\LearnVulkan\Vulkan\external\imgui\imgui_draw.cpp">
      <Filter>Source Files</Filter>
    </ClCompile>
    <ClCompile Include="E:\LearnVulkan\Vulkan\external\imgui\imgui_widgets.cpp">
      <Filter>Source Files</Filter>
    </ClCompile>
    <ClCompile Include="E:\LearnVulkan\Vulkan\base\VulkanAndroid.cpp">
      <Filter>Source Files</Filter>
    </ClCompile>
    <ClCompile Include="E:\LearnVulkan\Vulkan\base\VulkanBuffer.cpp">
      <Filter>Source Files</Filter>
    </ClCompile>
    <ClCompile Include="E:\LearnVulkan\Vulkan\base\VulkanDebug.cpp">
      <Filter>Source Files</Filter>
    </ClCompile>
    <ClCompile Include="E:\LearnVulkan\Vulkan\base\VulkanDevice.cpp">
      <Filter>Source Files</Filter>
    </ClCompile>
    <ClCompile Include="E:\LearnVulkan\Vulkan\base\VulkanRaytracingSample.cpp">
      <Filter>Source Files</Filter>
    </ClCompile>
    <ClCompile Include="E:\LearnVulkan\Vulkan\base\VulkanSwapChain.cpp">
      <Filter>Source Files</Filter>
    </ClCompile>
    <ClCompile Include="E:\LearnVulkan\Vulkan\base\VulkanTexture.cpp">
      <Filter>Source Files</Filter>
    </ClCompile>
    <ClCompile Include="E:\LearnVulkan\Vulkan\base\VulkanTools.cpp">
      <Filter>Source Files</Filter>
    </ClCompile>
    <ClCompile Include="E:\LearnVulkan\Vulkan\base\VulkanUIOverlay.cpp">
      <Filter>Source Files</Filter>
    </ClCompile>
    <ClCompile Include="E:\LearnVulkan\Vulkan\base\VulkanglTFModel.cpp">
      <Filter>Source Files</Filter>
    </ClCompile>
    <ClCompile Include="E:\LearnVulkan\Vulkan\base\vulkanexamplebase.cpp">
      <Filter>Source Files</Filter>
    </ClCompile>
    <ClCompile Include="E:\LearnVulkan\Vulkan\external\ktx\lib\texture.c">
      <Filter>Source Files</Filter>
    </ClCompile>
    <ClCompile Include="E:\LearnVulkan\Vulkan\external\ktx\lib\hashlist.c">
      <Filter>Source Files</Filter>
    </ClCompile>
    <ClCompile Include="E:\LearnVulkan\Vulkan\external\ktx\lib\checkheader.c">
      <Filter>Source Files</Filter>
    </ClCompile>
    <ClCompile Include="E:\LearnVulkan\Vulkan\external\ktx\lib\swap.c">
      <Filter>Source Files</Filter>
    </ClCompile>
    <ClCompile Include="E:\LearnVulkan\Vulkan\external\ktx\lib\memstream.c">
      <Filter>Source Files</Filter>
    </ClCompile>
    <ClCompile Include="E:\LearnVulkan\Vulkan\external\ktx\lib\filestream.c">
      <Filter>Source Files</Filter>
    </ClCompile>
  </ItemGroup>
  <ItemGroup>
    <ClInclude Include="E:\LearnVulkan\Vulkan\base\VulkanAndroid.h">
      <Filter>Header Files</Filter>
    </ClInclude>
    <ClInclude Include="E:\LearnVulkan\Vulkan\base\VulkanBuffer.h">
      <Filter>Header Files</Filter>
    </ClInclude>
    <ClInclude Include="E:\LearnVulkan\Vulkan\base\VulkanDebug.h">
      <Filter>Header Files</Filter>
    </ClInclude>
    <ClInclude Include="E:\LearnVulkan\Vulkan\base\VulkanDevice.h">
      <Filter>Header Files</Filter>
    </ClInclude>
    <ClInclude Include="E:\LearnVulkan\Vulkan\base\VulkanFrameBuffer.hpp">
      <Filter>Header Files</Filter>
    </ClInclude>
    <ClInclude Include="E:\LearnVulkan\Vulkan\base\VulkanHeightmap.hpp">
      <Filter>Header Files</Filter>
    </ClInclude>
    <ClInclude Include="E:\LearnVulkan\Vulkan\base\VulkanInitializers.hpp">
      <Filter>Header Files</Filter>
    </ClInclude>
    <ClInclude Include="E:\LearnVulkan\Vulkan\base\VulkanRaytracingSample.h">
      <Filter>Header Files</Filter>
    </ClInclude>
    <ClInclude Include="E:\LearnVulkan\Vulkan\base\VulkanSwapChain.h">
      <Filter>Header Files</Filter>
    </ClInclude>
    <ClInclude Include="E:\LearnVulkan\Vulkan\base\VulkanTexture.h">
      <Filter>Header Files</Filter>
    </ClInclude>
    <ClInclude Include="E:\LearnVulkan\Vulkan\base\VulkanTools.h">
      <Filter>Header Files</Filter>
    </ClInclude>
    <ClInclude Include="E:\LearnVulkan\Vulkan\base\VulkanUIOverlay.h">
      <Filter>Header Files</Filter>
    </ClInclude>
    <ClInclude Include="E:\LearnVulkan\Vulkan\base\VulkanglTFModel.h">
      <Filter>Header Files</Filter>
    </ClInclude>
    <ClInclude Include="E:\LearnVulkan\Vulkan\base\benchmark.hpp">
      <Filter>Header Files</Filter>
    </ClInclude>
    <ClInclude Include="E:\LearnVulkan\Vulkan\base\camera.hpp">
      <Filter>Header Files</Filter>
    </ClInclude>
    <ClInclude Include="E:\LearnVulkan\Vulkan\base\frustum.hpp">
      <Filter>Header Files</Filter>
    </ClInclude>
    <ClInclude Include="E:\LearnVulkan\Vulkan\base\keycodes.hpp">
      <Filter>Header Files</Filter>
    </ClInclude>
    <ClInclude Include="E:\LearnVulkan\Vulkan\base\threadpool.hpp">
      <Filter>Header Files</Filter>
    </ClInclude>
    <ClInclude Include="E:\LearnVulkan\Vulkan\base\vulkanexamplebase.h">
      <Filter>Header Files</Filter>
    </ClInclude>
  </ItemGroup>
  <ItemGroup>
    <CustomBuild Include="E:\LearnVulkan\Vulkan\base\CMakeLists.txt" />
  </ItemGroup>
  <ItemGroup>
    <Filter Include="Header Files">
      <UniqueIdentifier>{1360AA53-90D3-321D-921B-2D182F9467F1}</UniqueIdentifier>
    </Filter>
    <Filter Include="Source Files">
      <UniqueIdentifier>{3F1811E3-C6D3-3877-A976-63192E77013E}</UniqueIdentifier>
    </Filter>
  </ItemGroup>
</Project>
